
Microsoft Visual Studio Solution File, Format Version 12.00
# Visual Studio Version 17
VisualStudioVersion = 17.1.32228.430
MinimumVisualStudioVersion = 10.0.40219.1
Project("{2150E333-8FDC-42A3-9474-1A3956D46DE8}") = "Solution Items", "Solution Items", "{606119FE-8D3A-4790-9E7F-23F3296CB02F}"
	ProjectSection(SolutionItems) = preProject
		..\.gitignore = ..\.gitignore
	EndProjectSection
EndProject
Project("{2150E333-8FDC-42A3-9474-1A3956D46DE8}") = "GeekBrains", "GeekBrains", "{0FA446DF-6E7B-4A9F-AD98-147BCAC22DE5}"
EndProject
Project("{9A19103F-16F7-4668-BE54-9A1E7A4F7556}") = "SnakeInConsole", "GeekBrains\SnakeInConsole\SnakeInConsole.csproj", "{D9CA484C-BD96-4ECE-97AB-D073BA88B957}"
EndProject
Project("{2150E333-8FDC-42A3-9474-1A3956D46DE8}") = "OOPv2", "OOPv2", "{600B4187-835C-48D3-89F4-8238683B1DCA}"
EndProject
Project("{2150E333-8FDC-42A3-9474-1A3956D46DE8}") = "Bank", "Bank", "{0D57B5EF-D2E5-4F96-B4CE-60A8CF1E9370}"
EndProject
Project("{FAE04EC0-301F-11D3-BF4B-00C04F79EFBC}") = "Bank.Core", "GeekBrains\OOPv2\Bank\Bank.Core\Bank.Core.csproj", "{361C9E5C-A2B9-4CEB-9422-45F0820DAB88}"
EndProject
Project("{FAE04EC0-301F-11D3-BF4B-00C04F79EFBC}") = "Bank.UIConsole", "GeekBrains\OOPv2\Bank\Bank.UIConsole\Bank.UIConsole.csproj", "{BB097D37-330F-42A1-A497-CD9C302D7BD1}"
EndProject
Project("{FAE04EC0-301F-11D3-BF4B-00C04F79EFBC}") = "Scripts", "GeekBrains\OOPv2\Scripts\Scripts.csproj", "{2B078563-8F4F-4870-959B-82ADF66A0D2F}"
EndProject
Project("{2150E333-8FDC-42A3-9474-1A3956D46DE8}") = "Buildings", "Buildings", "{9B620581-665B-4D8E-B626-2778128BED70}"
EndProject
Project("{FAE04EC0-301F-11D3-BF4B-00C04F79EFBC}") = "Buildings.Core", "GeekBrains\OOPv2\Buildings\Buildings.Core\Buildings.Core.csproj", "{B1F71E02-D2CC-4691-8EC8-0D05F7D75D5A}"
EndProject
Global
	GlobalSection(SolutionConfigurationPlatforms) = preSolution
		Debug|Any CPU = Debug|Any CPU
		Release|Any CPU = Release|Any CPU
	EndGlobalSection
	GlobalSection(ProjectConfigurationPlatforms) = postSolution
		{D9CA484C-BD96-4ECE-97AB-D073BA88B957}.Debug|Any CPU.ActiveCfg = Debug|Any CPU
		{D9CA484C-BD96-4ECE-97AB-D073BA88B957}.Debug|Any CPU.Build.0 = Debug|Any CPU
		{D9CA484C-BD96-4ECE-97AB-D073BA88B957}.Release|Any CPU.ActiveCfg = Release|Any CPU
		{D9CA484C-BD96-4ECE-97AB-D073BA88B957}.Release|Any CPU.Build.0 = Release|Any CPU
		{361C9E5C-A2B9-4CEB-9422-45F0820DAB88}.Debug|Any CPU.ActiveCfg = Debug|Any CPU
		{361C9E5C-A2B9-4CEB-9422-45F0820DAB88}.Debug|Any CPU.Build.0 = Debug|Any CPU
		{361C9E5C-A2B9-4CEB-9422-45F0820DAB88}.Release|Any CPU.ActiveCfg = Release|Any CPU
		{361C9E5C-A2B9-4CEB-9422-45F0820DAB88}.Release|Any CPU.Build.0 = Release|Any CPU
		{BB097D37-330F-42A1-A497-CD9C302D7BD1}.Debug|Any CPU.ActiveCfg = Debug|Any CPU
		{BB097D37-330F-42A1-A497-CD9C302D7BD1}.Debug|Any CPU.Build.0 = Debug|Any CPU
		{BB097D37-330F-42A1-A497-CD9C302D7BD1}.Release|Any CPU.ActiveCfg = Release|Any CPU
		{BB097D37-330F-42A1-A497-CD9C302D7BD1}.Release|Any CPU.Build.0 = Release|Any CPU
		{2B078563-8F4F-4870-959B-82ADF66A0D2F}.Debug|Any CPU.ActiveCfg = Debug|Any CPU
		{2B078563-8F4F-4870-959B-82ADF66A0D2F}.Debug|Any CPU.Build.0 = Debug|Any CPU
		{2B078563-8F4F-4870-959B-82ADF66A0D2F}.Release|Any CPU.ActiveCfg = Release|Any CPU
		{2B078563-8F4F-4870-959B-82ADF66A0D2F}.Release|Any CPU.Build.0 = Release|Any CPU
		{B1F71E02-D2CC-4691-8EC8-0D05F7D75D5A}.Debug|Any CPU.ActiveCfg = Debug|Any CPU
		{B1F71E02-D2CC-4691-8EC8-0D05F7D75D5A}.Debug|Any CPU.Build.0 = Debug|Any CPU
		{B1F71E02-D2CC-4691-8EC8-0D05F7D75D5A}.Release|Any CPU.ActiveCfg = Release|Any CPU
		{B1F71E02-D2CC-4691-8EC8-0D05F7D75D5A}.Release|Any CPU.Build.0 = Release|Any CPU
	EndGlobalSection
	GlobalSection(SolutionProperties) = preSolution
		HideSolutionNode = FALSE
	EndGlobalSection
	GlobalSection(NestedProjects) = preSolution
		{D9CA484C-BD96-4ECE-97AB-D073BA88B957} = {0FA446DF-6E7B-4A9F-AD98-147BCAC22DE5}
		{600B4187-835C-48D3-89F4-8238683B1DCA} = {0FA446DF-6E7B-4A9F-AD98-147BCAC22DE5}
		{0D57B5EF-D2E5-4F96-B4CE-60A8CF1E9370} = {600B4187-835C-48D3-89F4-8238683B1DCA}
		{361C9E5C-A2B9-4CEB-9422-45F0820DAB88} = {0D57B5EF-D2E5-4F96-B4CE-60A8CF1E9370}
		{BB097D37-330F-42A1-A497-CD9C302D7BD1} = {0D57B5EF-D2E5-4F96-B4CE-60A8CF1E9370}
		{2B078563-8F4F-4870-959B-82ADF66A0D2F} = {600B4187-835C-48D3-89F4-8238683B1DCA}
		{9B620581-665B-4D8E-B626-2778128BED70} = {600B4187-835C-48D3-89F4-8238683B1DCA}
		{B1F71E02-D2CC-4691-8EC8-0D05F7D75D5A} = {9B620581-665B-4D8E-B626-2778128BED70}
	EndGlobalSection
	GlobalSection(ExtensibilityGlobals) = postSolution
		SolutionGuid = {48DBD92D-0F32-4815-9097-CA9C53A79734}
	EndGlobalSection
EndGlobal
