
Microsoft Visual Studio Solution File, Format Version 12.00
# Visual Studio Version 17
VisualStudioVersion = 17.1.32228.430
MinimumVisualStudioVersion = 10.0.40219.1
Project("{2150E333-8FDC-42A3-9474-1A3956D46DE8}") = "Solution Items", "Solution Items", "{606119FE-8D3A-4790-9E7F-23F3296CB02F}"
	ProjectSection(SolutionItems) = preProject
		..\.gitignore = ..\.gitignore
	EndProjectSection
EndProject
Project("{2150E333-8FDC-42A3-9474-1A3956D46DE8}") = "GeekBrains", "GeekBrains", "{0FA446DF-6E7B-4A9F-AD98-147BCAC22DE5}"
EndProject
Project("{9A19103F-16F7-4668-BE54-9A1E7A4F7556}") = "SnakeInConsole", "GeekBrains\SnakeInConsole\SnakeInConsole.csproj", "{D9CA484C-BD96-4ECE-97AB-D073BA88B957}"
EndProject
Project("{2150E333-8FDC-42A3-9474-1A3956D46DE8}") = "OOPv2", "OOPv2", "{600B4187-835C-48D3-89F4-8238683B1DCA}"
EndProject
Project("{2150E333-8FDC-42A3-9474-1A3956D46DE8}") = "Bank", "Bank", "{0D57B5EF-D2E5-4F96-B4CE-60A8CF1E9370}"
EndProject
Project("{9A19103F-16F7-4668-BE54-9A1E7A4F7556}") = "Bank.Core", "GeekBrains\OOPv2\Bank\Bank.Core\Bank.Core.csproj", "{361C9E5C-A2B9-4CEB-9422-45F0820DAB88}"
EndProject
Project("{9A19103F-16F7-4668-BE54-9A1E7A4F7556}") = "Bank.UIConsole", "GeekBrains\OOPv2\Bank\Bank.UIConsole\Bank.UIConsole.csproj", "{BB097D37-330F-42A1-A497-CD9C302D7BD1}"
EndProject
Project("{9A19103F-16F7-4668-BE54-9A1E7A4F7556}") = "Scripts", "GeekBrains\OOPv2\Scripts\Scripts.csproj", "{2B078563-8F4F-4870-959B-82ADF66A0D2F}"
EndProject
Project("{2150E333-8FDC-42A3-9474-1A3956D46DE8}") = "Buildings", "Buildings", "{9B620581-665B-4D8E-B626-2778128BED70}"
EndProject
Project("{9A19103F-16F7-4668-BE54-9A1E7A4F7556}") = "Buildings.Core", "GeekBrains\OOPv2\Buildings\Buildings.Core\Buildings.Core.csproj", "{B1F71E02-D2CC-4691-8EC8-0D05F7D75D5A}"
EndProject
Project("{9A19103F-16F7-4668-BE54-9A1E7A4F7556}") = "Buildings.UIConsole", "GeekBrains\OOPv2\Buildings\Buildings.UIConsole\Buildings.UIConsole.csproj", "{EF4794BE-3CD1-4A2A-9C10-07885B680D4B}"
EndProject
Project("{9A19103F-16F7-4668-BE54-9A1E7A4F7556}") = "ComplexAndRationalNumbers", "GeekBrains\OOPv2\ComplexAndRationalNumbers\ComplexAndRationalNumbers.csproj", "{834DA526-E238-4584-BF94-CF4BA8064B2B}"
EndProject
Project("{2150E333-8FDC-42A3-9474-1A3956D46DE8}") = "Figures", "Figures", "{AB7733FA-81C2-495B-A85A-2B6D9C0628DF}"
EndProject
Project("{9A19103F-16F7-4668-BE54-9A1E7A4F7556}") = "Figures.UIConsole", "GeekBrains\OOPv2\Figures\Figures.UIConsole\Figures.UIConsole.csproj", "{2F28CC27-E5DF-49E3-92C0-E90CC2FD45DC}"
EndProject
Project("{9A19103F-16F7-4668-BE54-9A1E7A4F7556}") = "Figures.Core", "GeekBrains\OOPv2\Figures\Figures.Core\Figures.Core.csproj", "{BB09F489-133D-441D-B333-73C496863C6C}"
EndProject
Project("{9A19103F-16F7-4668-BE54-9A1E7A4F7556}") = "Encriptions", "GeekBrains\OOPv2\Encriptions\Encriptions.csproj", "{D0438607-EA0B-4F7D-85CA-E0B1C069C49B}"
EndProject
Project("{2150E333-8FDC-42A3-9474-1A3956D46DE8}") = "BeginnerCSharp", "BeginnerCSharp", "{AD9BE961-F7EF-48C1-B365-3B3C268EBFD9}"
EndProject
Project("{9A19103F-16F7-4668-BE54-9A1E7A4F7556}") = "InputValidationAndParse", "GeekBrains\BeginnerCSharp\InputValidationAndParse\InputValidationAndParse.csproj", "{131D74A4-3F3E-4C2C-949B-FE0DC5083690}"
EndProject
Project("{9A19103F-16F7-4668-BE54-9A1E7A4F7556}") = "EnumFlags", "GeekBrains\BeginnerCSharp\EnumFlags\EnumFlags.csproj", "{C3C3FBDD-4770-4EC1-98EF-C9019070B25F}"
EndProject
Project("{9A19103F-16F7-4668-BE54-9A1E7A4F7556}") = "StoreCheckTemplatePrinter", "GeekBrains\BeginnerCSharp\StoreCheckTemplatePrinter\StoreCheckTemplatePrinter.csproj", "{A765DD52-C913-4BD9-BBD2-9C3FD90D1A7F}"
EndProject
Project("{9A19103F-16F7-4668-BE54-9A1E7A4F7556}") = "Arrays", "GeekBrains\BeginnerCSharp\Arrays\Arrays.csproj", "{4AAC5F21-EC9C-4AE2-97C3-5091017A68CB}"
EndProject
Project("{9A19103F-16F7-4668-BE54-9A1E7A4F7556}") = "SeaBattle", "GeekBrains\BeginnerCSharp\SeaBattle\SeaBattle.csproj", "{B3F198C2-806C-4F15-A281-83D502ACAD74}"
EndProject
Project("{9A19103F-16F7-4668-BE54-9A1E7A4F7556}") = "Scripts", "GeekBrains\BeginnerCSharp\Scripts\Scripts.csproj", "{BF9C5130-8429-4608-8785-F3891803ED39}"
EndProject
Project("{9A19103F-16F7-4668-BE54-9A1E7A4F7556}") = "TypeWriter", "GeekBrains\BeginnerCSharp\TypeWriter\TypeWriter.csproj", "{5011B6BF-1917-43BC-B77E-8686CFC2CEF4}"
EndProject
Project("{9A19103F-16F7-4668-BE54-9A1E7A4F7556}") = "BinaryWritingHandler", "GeekBrains\BeginnerCSharp\BinaryWritingHandler\BinaryWritingHandler.csproj", "{3C20B5FA-B3A7-45EE-AFDC-D2C4ADC7E466}"
EndProject
Project("{9A19103F-16F7-4668-BE54-9A1E7A4F7556}") = "PathPrinterToFile", "GeekBrains\BeginnerCSharp\PathPrinterToFile\PathPrinterToFile.csproj", "{770BC758-1DBE-4E5E-B172-E9712D700AEB}"
EndProject
Project("{9A19103F-16F7-4668-BE54-9A1E7A4F7556}") = "FileToDo", "GeekBrains\BeginnerCSharp\FileToDo\FileToDo.csproj", "{D5B1CAF4-EFA8-402A-9209-023AAFB80FB4}"
EndProject
Project("{9A19103F-16F7-4668-BE54-9A1E7A4F7556}") = "SystemProccessesHandler", "GeekBrains\BeginnerCSharp\SystemProccessesHandler\SystemProccessesHandler.csproj", "{2986AFC1-4687-4B6D-940A-C680FE7F73D9}"
EndProject
Project("{2150E333-8FDC-42A3-9474-1A3956D46DE8}") = "DirectoryMonitor", "DirectoryMonitor", "{01CB6DEA-6F02-4DCA-A5F8-8886D53AF5B6}"
EndProject
Project("{9A19103F-16F7-4668-BE54-9A1E7A4F7556}") = "DirectoryMonitor.Core", "GeekBrains\BeginnerCSharp\DirectoryMonitor.Core\DirectoryMonitor.Core.csproj", "{8C5DC8BA-6219-4484-9480-6ABA803CED9B}"
EndProject
Project("{9A19103F-16F7-4668-BE54-9A1E7A4F7556}") = "DirectoryMonitor.Domain", "GeekBrains\BeginnerCSharp\DirectoryMonitor.Domain\DirectoryMonitor.Domain.csproj", "{3DE4C22C-BC7E-437C-9FB9-8892403B97DC}"
EndProject
Project("{9A19103F-16F7-4668-BE54-9A1E7A4F7556}") = "DirectoryMonitor.UIConsole", "GeekBrains\BeginnerCSharp\DirectoryMonitor.UIConsole\DirectoryMonitor.UIConsole.csproj", "{D8594C46-F434-48F1-AE14-95A44DB88784}"
EndProject
Project("{9A19103F-16F7-4668-BE54-9A1E7A4F7556}") = "UserSettingsManager", "GeekBrains\BeginnerCSharp\UserSettingsManager\UserSettingsManager.csproj", "{9123BAA7-FCE5-4B6A-A5F8-725355DD32A6}"
EndProject
Project("{2150E333-8FDC-42A3-9474-1A3956D46DE8}") = "Algorithms", "Algorithms", "{91FA761E-E9DD-4BFD-9C84-FE30E448FEF4}"
EndProject
Project("{9A19103F-16F7-4668-BE54-9A1E7A4F7556}") = "SimpleAlgorithms", "GeekBrains\Algorithms\SimpleAlgorithms\SimpleAlgorithms.csproj", "{077792A1-D272-4ADE-A1EE-AEC0AA3ADF95}"
EndProject
Project("{9A19103F-16F7-4668-BE54-9A1E7A4F7556}") = "CustomCollections", "GeekBrains\Algorithms\CustomCollections\CustomCollections.csproj", "{A5F87CD9-7F69-4A80-91F2-AB04359A352D}"
EndProject
Project("{9A19103F-16F7-4668-BE54-9A1E7A4F7556}") = "BenchmarkTests", "GeekBrains\Algorithms\BenchmarkTests\BenchmarkTests.csproj", "{3A3F7645-CBD4-4D53-AAA1-082875CA2146}"
EndProject
Project("{9A19103F-16F7-4668-BE54-9A1E7A4F7556}") = "CustomCollections.Core", "GeekBrains\Algorithms\CustomCollections.Core\CustomCollections.Core.csproj", "{FD8FD62E-8A90-4878-ACBC-BB5D9AD7B531}"
EndProject
Project("{9A19103F-16F7-4668-BE54-9A1E7A4F7556}") = "CustomCollections.TraverseAlgorithms", "GeekBrains\Algorithms\CustomCollections.TraverseAlgorithms\CustomCollections.TraverseAlgorithms.csproj", "{0DF7A780-C1EF-4499-902B-DC695BDDC24A}"
EndProject
Project("{9A19103F-16F7-4668-BE54-9A1E7A4F7556}") = "SearchAlgorithms", "GeekBrains\Algorithms\SearchAlgorithms\SearchAlgorithms.csproj", "{4DD499D9-916F-4A8F-9F07-FC55DD76E3B3}"
EndProject
Project("{9A19103F-16F7-4668-BE54-9A1E7A4F7556}") = "SortingAlgorithms", "GeekBrains\Algorithms\SortingAlgorithms\SortingAlgorithms.csproj", "{C874CEB2-E486-441D-B1C1-EB3DCB4F599F}"
EndProject
Project("{2150E333-8FDC-42A3-9474-1A3956D46DE8}") = "AspMVC", "AspMVC", "{344BC53F-A2FF-45A4-A53B-BC1034A405AF}"
EndProject
Project("{9A19103F-16F7-4668-BE54-9A1E7A4F7556}") = "MultithreadList", "GeekBrains\AspMVC\MultithreadList\MultithreadList.csproj", "{7D38C650-5AF5-4F50-ACB5-E9942758C9FC}"
EndProject
Project("{2150E333-8FDC-42A3-9474-1A3956D46DE8}") = "LoadingDataFromApi", "LoadingDataFromApi", "{8E7D294C-BB88-49B8-BCA8-4C64DB590CF2}"
EndProject
Project("{9A19103F-16F7-4668-BE54-9A1E7A4F7556}") = "ClientApp", "GeekBrains\AspMVC\LoadingDataFromApi\ClientApp\ClientApp.csproj", "{7FCB91F5-B4C1-4A82-AFDD-14FFDE507F3C}"
EndProject
Project("{9A19103F-16F7-4668-BE54-9A1E7A4F7556}") = "ServerApp", "GeekBrains\AspMVC\LoadingDataFromApi\ServerApp\ServerApp.csproj", "{1ED9919A-DDBD-42F0-AD4C-D13772FFB0D0}"
EndProject
Project("{9A19103F-16F7-4668-BE54-9A1E7A4F7556}") = "Core", "GeekBrains\AspMVC\LoadingDataFromApi\Core\Core.csproj", "{329535E3-8F81-4F2D-BABE-4C9277DD57C5}"
EndProject
Project("{9A19103F-16F7-4668-BE54-9A1E7A4F7556}") = "FibonachiMultithread", "GeekBrains\AspMVC\FibonachiMultithread\FibonachiMultithread.csproj", "{1A588B29-CE23-422A-B128-FE357B6F2012}"
EndProject
Project("{9A19103F-16F7-4668-BE54-9A1E7A4F7556}") = "VisitorPainter", "GeekBrains\AspMVC\VisitorPainter\VisitorPainter.csproj", "{4D754E23-775B-4952-B712-DF3A6267EB30}"
EndProject
Project("{2150E333-8FDC-42A3-9474-1A3956D46DE8}") = "DataSerializer", "DataSerializer", "{7AC68D5B-12AF-4544-9F2F-6FBF46B796EB}"
EndProject
Project("{9A19103F-16F7-4668-BE54-9A1E7A4F7556}") = "DataSerializer.Data", "GeekBrains\AspMVC\DataSerializer\DataSerializer.Data\DataSerializer.Data.csproj", "{6739BE73-5FF3-4A8D-97D1-136D7AA5FF32}"
EndProject
Project("{9A19103F-16F7-4668-BE54-9A1E7A4F7556}") = "DataSerializer.Generator", "GeekBrains\AspMVC\DataSerializer\DataSerializer.Generator\DataSerializer.Generator.csproj", "{A2118B13-D654-49E2-A79C-65D459CBEE12}"
EndProject
Project("{9A19103F-16F7-4668-BE54-9A1E7A4F7556}") = "DataSerializer.Deserializers", "GeekBrains\AspMVC\DataSerializer\DataSerializer.Deserializers\DataSerializer.Deserializers.csproj", "{68C68D80-684A-4F6F-B22D-D1FA0340319F}"
EndProject
Project("{9A19103F-16F7-4668-BE54-9A1E7A4F7556}") = "DataSerializer", "GeekBrains\AspMVC\DataSerializer\DataSerializer\DataSerializer.csproj", "{D817E68E-E730-4C80-97CC-6F5278F06167}"
EndProject
Project("{2150E333-8FDC-42A3-9474-1A3956D46DE8}") = "DataParser", "DataParser", "{7EBD5A2D-9F25-444D-AEA9-63B812154B8D}"
EndProject
Project("{FAE04EC0-301F-11D3-BF4B-00C04F79EFBC}") = "DataParser.Device", "GeekBrains\AspMVC\DataParser\DataParser.Device\DataParser.Device.csproj", "{740D2452-34F7-40DF-9C73-B6B8ED57A1BE}"
EndProject
Project("{FAE04EC0-301F-11D3-BF4B-00C04F79EFBC}") = "DataParser.Client", "GeekBrains\AspMVC\DataParser\DataParser.Client\DataParser.Client.csproj", "{23632EC6-6E75-4505-A6F0-4D653B77AD65}"
EndProject
Project("{FAE04EC0-301F-11D3-BF4B-00C04F79EFBC}") = "DataParser.MongoDbStorage", "GeekBrains\AspMVC\DataParser\DataParser.MongoDbStorage\DataParser.MongoDbStorage.csproj", "{AD75537F-D783-409D-8822-1EC2FA30B41E}"
EndProject
Project("{FAE04EC0-301F-11D3-BF4B-00C04F79EFBC}") = "DataParser.ConsoleUI", "GeekBrains\AspMVC\DataParser\DataParser.ConsoleUI\DataParser.ConsoleUI.csproj", "{15A101C6-18F9-468F-AB5D-2860E6A7B992}"
EndProject
Project("{FAE04EC0-301F-11D3-BF4B-00C04F79EFBC}") = "DataParser.Data", "GeekBrains\AspMVC\DataParser\DataParser.Data\DataParser.Data.csproj", "{90C5E498-2A77-4A2F-99AC-29E9453A62E0}"
EndProject
Global
	GlobalSection(SolutionConfigurationPlatforms) = preSolution
		Debug|Any CPU = Debug|Any CPU
		Release|Any CPU = Release|Any CPU
	EndGlobalSection
	GlobalSection(ProjectConfigurationPlatforms) = postSolution
		{D9CA484C-BD96-4ECE-97AB-D073BA88B957}.Debug|Any CPU.ActiveCfg = Debug|Any CPU
		{D9CA484C-BD96-4ECE-97AB-D073BA88B957}.Debug|Any CPU.Build.0 = Debug|Any CPU
		{D9CA484C-BD96-4ECE-97AB-D073BA88B957}.Release|Any CPU.ActiveCfg = Release|Any CPU
		{D9CA484C-BD96-4ECE-97AB-D073BA88B957}.Release|Any CPU.Build.0 = Release|Any CPU
		{361C9E5C-A2B9-4CEB-9422-45F0820DAB88}.Debug|Any CPU.ActiveCfg = Debug|Any CPU
		{361C9E5C-A2B9-4CEB-9422-45F0820DAB88}.Debug|Any CPU.Build.0 = Debug|Any CPU
		{361C9E5C-A2B9-4CEB-9422-45F0820DAB88}.Release|Any CPU.ActiveCfg = Release|Any CPU
		{361C9E5C-A2B9-4CEB-9422-45F0820DAB88}.Release|Any CPU.Build.0 = Release|Any CPU
		{BB097D37-330F-42A1-A497-CD9C302D7BD1}.Debug|Any CPU.ActiveCfg = Debug|Any CPU
		{BB097D37-330F-42A1-A497-CD9C302D7BD1}.Debug|Any CPU.Build.0 = Debug|Any CPU
		{BB097D37-330F-42A1-A497-CD9C302D7BD1}.Release|Any CPU.ActiveCfg = Release|Any CPU
		{BB097D37-330F-42A1-A497-CD9C302D7BD1}.Release|Any CPU.Build.0 = Release|Any CPU
		{2B078563-8F4F-4870-959B-82ADF66A0D2F}.Debug|Any CPU.ActiveCfg = Debug|Any CPU
		{2B078563-8F4F-4870-959B-82ADF66A0D2F}.Debug|Any CPU.Build.0 = Debug|Any CPU
		{2B078563-8F4F-4870-959B-82ADF66A0D2F}.Release|Any CPU.ActiveCfg = Release|Any CPU
		{2B078563-8F4F-4870-959B-82ADF66A0D2F}.Release|Any CPU.Build.0 = Release|Any CPU
		{B1F71E02-D2CC-4691-8EC8-0D05F7D75D5A}.Debug|Any CPU.ActiveCfg = Debug|Any CPU
		{B1F71E02-D2CC-4691-8EC8-0D05F7D75D5A}.Debug|Any CPU.Build.0 = Debug|Any CPU
		{B1F71E02-D2CC-4691-8EC8-0D05F7D75D5A}.Release|Any CPU.ActiveCfg = Release|Any CPU
		{B1F71E02-D2CC-4691-8EC8-0D05F7D75D5A}.Release|Any CPU.Build.0 = Release|Any CPU
		{EF4794BE-3CD1-4A2A-9C10-07885B680D4B}.Debug|Any CPU.ActiveCfg = Debug|Any CPU
		{EF4794BE-3CD1-4A2A-9C10-07885B680D4B}.Debug|Any CPU.Build.0 = Debug|Any CPU
		{EF4794BE-3CD1-4A2A-9C10-07885B680D4B}.Release|Any CPU.ActiveCfg = Release|Any CPU
		{EF4794BE-3CD1-4A2A-9C10-07885B680D4B}.Release|Any CPU.Build.0 = Release|Any CPU
		{834DA526-E238-4584-BF94-CF4BA8064B2B}.Debug|Any CPU.ActiveCfg = Debug|Any CPU
		{834DA526-E238-4584-BF94-CF4BA8064B2B}.Debug|Any CPU.Build.0 = Debug|Any CPU
		{834DA526-E238-4584-BF94-CF4BA8064B2B}.Release|Any CPU.ActiveCfg = Release|Any CPU
		{834DA526-E238-4584-BF94-CF4BA8064B2B}.Release|Any CPU.Build.0 = Release|Any CPU
		{2F28CC27-E5DF-49E3-92C0-E90CC2FD45DC}.Debug|Any CPU.ActiveCfg = Debug|Any CPU
		{2F28CC27-E5DF-49E3-92C0-E90CC2FD45DC}.Debug|Any CPU.Build.0 = Debug|Any CPU
		{2F28CC27-E5DF-49E3-92C0-E90CC2FD45DC}.Release|Any CPU.ActiveCfg = Release|Any CPU
		{2F28CC27-E5DF-49E3-92C0-E90CC2FD45DC}.Release|Any CPU.Build.0 = Release|Any CPU
		{BB09F489-133D-441D-B333-73C496863C6C}.Debug|Any CPU.ActiveCfg = Debug|Any CPU
		{BB09F489-133D-441D-B333-73C496863C6C}.Debug|Any CPU.Build.0 = Debug|Any CPU
		{BB09F489-133D-441D-B333-73C496863C6C}.Release|Any CPU.ActiveCfg = Release|Any CPU
		{BB09F489-133D-441D-B333-73C496863C6C}.Release|Any CPU.Build.0 = Release|Any CPU
		{D0438607-EA0B-4F7D-85CA-E0B1C069C49B}.Debug|Any CPU.ActiveCfg = Debug|Any CPU
		{D0438607-EA0B-4F7D-85CA-E0B1C069C49B}.Debug|Any CPU.Build.0 = Debug|Any CPU
		{D0438607-EA0B-4F7D-85CA-E0B1C069C49B}.Release|Any CPU.ActiveCfg = Release|Any CPU
		{D0438607-EA0B-4F7D-85CA-E0B1C069C49B}.Release|Any CPU.Build.0 = Release|Any CPU
		{131D74A4-3F3E-4C2C-949B-FE0DC5083690}.Debug|Any CPU.ActiveCfg = Debug|Any CPU
		{131D74A4-3F3E-4C2C-949B-FE0DC5083690}.Debug|Any CPU.Build.0 = Debug|Any CPU
		{131D74A4-3F3E-4C2C-949B-FE0DC5083690}.Release|Any CPU.ActiveCfg = Release|Any CPU
		{131D74A4-3F3E-4C2C-949B-FE0DC5083690}.Release|Any CPU.Build.0 = Release|Any CPU
		{C3C3FBDD-4770-4EC1-98EF-C9019070B25F}.Debug|Any CPU.ActiveCfg = Debug|Any CPU
		{C3C3FBDD-4770-4EC1-98EF-C9019070B25F}.Debug|Any CPU.Build.0 = Debug|Any CPU
		{C3C3FBDD-4770-4EC1-98EF-C9019070B25F}.Release|Any CPU.ActiveCfg = Release|Any CPU
		{C3C3FBDD-4770-4EC1-98EF-C9019070B25F}.Release|Any CPU.Build.0 = Release|Any CPU
		{A765DD52-C913-4BD9-BBD2-9C3FD90D1A7F}.Debug|Any CPU.ActiveCfg = Debug|Any CPU
		{A765DD52-C913-4BD9-BBD2-9C3FD90D1A7F}.Debug|Any CPU.Build.0 = Debug|Any CPU
		{A765DD52-C913-4BD9-BBD2-9C3FD90D1A7F}.Release|Any CPU.ActiveCfg = Release|Any CPU
		{A765DD52-C913-4BD9-BBD2-9C3FD90D1A7F}.Release|Any CPU.Build.0 = Release|Any CPU
		{4AAC5F21-EC9C-4AE2-97C3-5091017A68CB}.Debug|Any CPU.ActiveCfg = Debug|Any CPU
		{4AAC5F21-EC9C-4AE2-97C3-5091017A68CB}.Debug|Any CPU.Build.0 = Debug|Any CPU
		{4AAC5F21-EC9C-4AE2-97C3-5091017A68CB}.Release|Any CPU.ActiveCfg = Release|Any CPU
		{4AAC5F21-EC9C-4AE2-97C3-5091017A68CB}.Release|Any CPU.Build.0 = Release|Any CPU
		{B3F198C2-806C-4F15-A281-83D502ACAD74}.Debug|Any CPU.ActiveCfg = Debug|Any CPU
		{B3F198C2-806C-4F15-A281-83D502ACAD74}.Debug|Any CPU.Build.0 = Debug|Any CPU
		{B3F198C2-806C-4F15-A281-83D502ACAD74}.Release|Any CPU.ActiveCfg = Release|Any CPU
		{B3F198C2-806C-4F15-A281-83D502ACAD74}.Release|Any CPU.Build.0 = Release|Any CPU
		{BF9C5130-8429-4608-8785-F3891803ED39}.Debug|Any CPU.ActiveCfg = Debug|Any CPU
		{BF9C5130-8429-4608-8785-F3891803ED39}.Debug|Any CPU.Build.0 = Debug|Any CPU
		{BF9C5130-8429-4608-8785-F3891803ED39}.Release|Any CPU.ActiveCfg = Release|Any CPU
		{BF9C5130-8429-4608-8785-F3891803ED39}.Release|Any CPU.Build.0 = Release|Any CPU
		{5011B6BF-1917-43BC-B77E-8686CFC2CEF4}.Debug|Any CPU.ActiveCfg = Debug|Any CPU
		{5011B6BF-1917-43BC-B77E-8686CFC2CEF4}.Debug|Any CPU.Build.0 = Debug|Any CPU
		{5011B6BF-1917-43BC-B77E-8686CFC2CEF4}.Release|Any CPU.ActiveCfg = Release|Any CPU
		{5011B6BF-1917-43BC-B77E-8686CFC2CEF4}.Release|Any CPU.Build.0 = Release|Any CPU
		{3C20B5FA-B3A7-45EE-AFDC-D2C4ADC7E466}.Debug|Any CPU.ActiveCfg = Debug|Any CPU
		{3C20B5FA-B3A7-45EE-AFDC-D2C4ADC7E466}.Debug|Any CPU.Build.0 = Debug|Any CPU
		{3C20B5FA-B3A7-45EE-AFDC-D2C4ADC7E466}.Release|Any CPU.ActiveCfg = Release|Any CPU
		{3C20B5FA-B3A7-45EE-AFDC-D2C4ADC7E466}.Release|Any CPU.Build.0 = Release|Any CPU
		{770BC758-1DBE-4E5E-B172-E9712D700AEB}.Debug|Any CPU.ActiveCfg = Debug|Any CPU
		{770BC758-1DBE-4E5E-B172-E9712D700AEB}.Debug|Any CPU.Build.0 = Debug|Any CPU
		{770BC758-1DBE-4E5E-B172-E9712D700AEB}.Release|Any CPU.ActiveCfg = Release|Any CPU
		{770BC758-1DBE-4E5E-B172-E9712D700AEB}.Release|Any CPU.Build.0 = Release|Any CPU
		{D5B1CAF4-EFA8-402A-9209-023AAFB80FB4}.Debug|Any CPU.ActiveCfg = Debug|Any CPU
		{D5B1CAF4-EFA8-402A-9209-023AAFB80FB4}.Debug|Any CPU.Build.0 = Debug|Any CPU
		{D5B1CAF4-EFA8-402A-9209-023AAFB80FB4}.Release|Any CPU.ActiveCfg = Release|Any CPU
		{D5B1CAF4-EFA8-402A-9209-023AAFB80FB4}.Release|Any CPU.Build.0 = Release|Any CPU
		{2986AFC1-4687-4B6D-940A-C680FE7F73D9}.Debug|Any CPU.ActiveCfg = Debug|Any CPU
		{2986AFC1-4687-4B6D-940A-C680FE7F73D9}.Debug|Any CPU.Build.0 = Debug|Any CPU
		{2986AFC1-4687-4B6D-940A-C680FE7F73D9}.Release|Any CPU.ActiveCfg = Release|Any CPU
		{2986AFC1-4687-4B6D-940A-C680FE7F73D9}.Release|Any CPU.Build.0 = Release|Any CPU
		{8C5DC8BA-6219-4484-9480-6ABA803CED9B}.Debug|Any CPU.ActiveCfg = Debug|Any CPU
		{8C5DC8BA-6219-4484-9480-6ABA803CED9B}.Debug|Any CPU.Build.0 = Debug|Any CPU
		{8C5DC8BA-6219-4484-9480-6ABA803CED9B}.Release|Any CPU.ActiveCfg = Release|Any CPU
		{8C5DC8BA-6219-4484-9480-6ABA803CED9B}.Release|Any CPU.Build.0 = Release|Any CPU
		{3DE4C22C-BC7E-437C-9FB9-8892403B97DC}.Debug|Any CPU.ActiveCfg = Debug|Any CPU
		{3DE4C22C-BC7E-437C-9FB9-8892403B97DC}.Debug|Any CPU.Build.0 = Debug|Any CPU
		{3DE4C22C-BC7E-437C-9FB9-8892403B97DC}.Release|Any CPU.ActiveCfg = Release|Any CPU
		{3DE4C22C-BC7E-437C-9FB9-8892403B97DC}.Release|Any CPU.Build.0 = Release|Any CPU
		{D8594C46-F434-48F1-AE14-95A44DB88784}.Debug|Any CPU.ActiveCfg = Debug|Any CPU
		{D8594C46-F434-48F1-AE14-95A44DB88784}.Debug|Any CPU.Build.0 = Debug|Any CPU
		{D8594C46-F434-48F1-AE14-95A44DB88784}.Release|Any CPU.ActiveCfg = Release|Any CPU
		{D8594C46-F434-48F1-AE14-95A44DB88784}.Release|Any CPU.Build.0 = Release|Any CPU
		{9123BAA7-FCE5-4B6A-A5F8-725355DD32A6}.Debug|Any CPU.ActiveCfg = Debug|Any CPU
		{9123BAA7-FCE5-4B6A-A5F8-725355DD32A6}.Debug|Any CPU.Build.0 = Debug|Any CPU
		{9123BAA7-FCE5-4B6A-A5F8-725355DD32A6}.Release|Any CPU.ActiveCfg = Release|Any CPU
		{9123BAA7-FCE5-4B6A-A5F8-725355DD32A6}.Release|Any CPU.Build.0 = Release|Any CPU
		{077792A1-D272-4ADE-A1EE-AEC0AA3ADF95}.Debug|Any CPU.ActiveCfg = Debug|Any CPU
		{077792A1-D272-4ADE-A1EE-AEC0AA3ADF95}.Debug|Any CPU.Build.0 = Debug|Any CPU
		{077792A1-D272-4ADE-A1EE-AEC0AA3ADF95}.Release|Any CPU.ActiveCfg = Release|Any CPU
		{077792A1-D272-4ADE-A1EE-AEC0AA3ADF95}.Release|Any CPU.Build.0 = Release|Any CPU
		{A5F87CD9-7F69-4A80-91F2-AB04359A352D}.Debug|Any CPU.ActiveCfg = Debug|Any CPU
		{A5F87CD9-7F69-4A80-91F2-AB04359A352D}.Debug|Any CPU.Build.0 = Debug|Any CPU
		{A5F87CD9-7F69-4A80-91F2-AB04359A352D}.Release|Any CPU.ActiveCfg = Release|Any CPU
		{A5F87CD9-7F69-4A80-91F2-AB04359A352D}.Release|Any CPU.Build.0 = Release|Any CPU
		{3A3F7645-CBD4-4D53-AAA1-082875CA2146}.Debug|Any CPU.ActiveCfg = Debug|Any CPU
		{3A3F7645-CBD4-4D53-AAA1-082875CA2146}.Debug|Any CPU.Build.0 = Debug|Any CPU
		{3A3F7645-CBD4-4D53-AAA1-082875CA2146}.Release|Any CPU.ActiveCfg = Release|Any CPU
		{3A3F7645-CBD4-4D53-AAA1-082875CA2146}.Release|Any CPU.Build.0 = Release|Any CPU
		{FD8FD62E-8A90-4878-ACBC-BB5D9AD7B531}.Debug|Any CPU.ActiveCfg = Debug|Any CPU
		{FD8FD62E-8A90-4878-ACBC-BB5D9AD7B531}.Debug|Any CPU.Build.0 = Debug|Any CPU
		{FD8FD62E-8A90-4878-ACBC-BB5D9AD7B531}.Release|Any CPU.ActiveCfg = Release|Any CPU
		{FD8FD62E-8A90-4878-ACBC-BB5D9AD7B531}.Release|Any CPU.Build.0 = Release|Any CPU
		{0DF7A780-C1EF-4499-902B-DC695BDDC24A}.Debug|Any CPU.ActiveCfg = Debug|Any CPU
		{0DF7A780-C1EF-4499-902B-DC695BDDC24A}.Debug|Any CPU.Build.0 = Debug|Any CPU
		{0DF7A780-C1EF-4499-902B-DC695BDDC24A}.Release|Any CPU.ActiveCfg = Release|Any CPU
		{0DF7A780-C1EF-4499-902B-DC695BDDC24A}.Release|Any CPU.Build.0 = Release|Any CPU
		{4DD499D9-916F-4A8F-9F07-FC55DD76E3B3}.Debug|Any CPU.ActiveCfg = Debug|Any CPU
		{4DD499D9-916F-4A8F-9F07-FC55DD76E3B3}.Debug|Any CPU.Build.0 = Debug|Any CPU
		{4DD499D9-916F-4A8F-9F07-FC55DD76E3B3}.Release|Any CPU.ActiveCfg = Release|Any CPU
		{4DD499D9-916F-4A8F-9F07-FC55DD76E3B3}.Release|Any CPU.Build.0 = Release|Any CPU
		{C874CEB2-E486-441D-B1C1-EB3DCB4F599F}.Debug|Any CPU.ActiveCfg = Debug|Any CPU
		{C874CEB2-E486-441D-B1C1-EB3DCB4F599F}.Debug|Any CPU.Build.0 = Debug|Any CPU
		{C874CEB2-E486-441D-B1C1-EB3DCB4F599F}.Release|Any CPU.ActiveCfg = Release|Any CPU
		{C874CEB2-E486-441D-B1C1-EB3DCB4F599F}.Release|Any CPU.Build.0 = Release|Any CPU
		{7D38C650-5AF5-4F50-ACB5-E9942758C9FC}.Debug|Any CPU.ActiveCfg = Debug|Any CPU
		{7D38C650-5AF5-4F50-ACB5-E9942758C9FC}.Debug|Any CPU.Build.0 = Debug|Any CPU
		{7D38C650-5AF5-4F50-ACB5-E9942758C9FC}.Release|Any CPU.ActiveCfg = Release|Any CPU
		{7D38C650-5AF5-4F50-ACB5-E9942758C9FC}.Release|Any CPU.Build.0 = Release|Any CPU
		{7FCB91F5-B4C1-4A82-AFDD-14FFDE507F3C}.Debug|Any CPU.ActiveCfg = Debug|Any CPU
		{7FCB91F5-B4C1-4A82-AFDD-14FFDE507F3C}.Debug|Any CPU.Build.0 = Debug|Any CPU
		{7FCB91F5-B4C1-4A82-AFDD-14FFDE507F3C}.Release|Any CPU.ActiveCfg = Release|Any CPU
		{7FCB91F5-B4C1-4A82-AFDD-14FFDE507F3C}.Release|Any CPU.Build.0 = Release|Any CPU
		{1ED9919A-DDBD-42F0-AD4C-D13772FFB0D0}.Debug|Any CPU.ActiveCfg = Debug|Any CPU
		{1ED9919A-DDBD-42F0-AD4C-D13772FFB0D0}.Debug|Any CPU.Build.0 = Debug|Any CPU
		{1ED9919A-DDBD-42F0-AD4C-D13772FFB0D0}.Release|Any CPU.ActiveCfg = Release|Any CPU
		{1ED9919A-DDBD-42F0-AD4C-D13772FFB0D0}.Release|Any CPU.Build.0 = Release|Any CPU
		{329535E3-8F81-4F2D-BABE-4C9277DD57C5}.Debug|Any CPU.ActiveCfg = Debug|Any CPU
		{329535E3-8F81-4F2D-BABE-4C9277DD57C5}.Debug|Any CPU.Build.0 = Debug|Any CPU
		{329535E3-8F81-4F2D-BABE-4C9277DD57C5}.Release|Any CPU.ActiveCfg = Release|Any CPU
		{329535E3-8F81-4F2D-BABE-4C9277DD57C5}.Release|Any CPU.Build.0 = Release|Any CPU
		{1A588B29-CE23-422A-B128-FE357B6F2012}.Debug|Any CPU.ActiveCfg = Debug|Any CPU
		{1A588B29-CE23-422A-B128-FE357B6F2012}.Debug|Any CPU.Build.0 = Debug|Any CPU
		{1A588B29-CE23-422A-B128-FE357B6F2012}.Release|Any CPU.ActiveCfg = Release|Any CPU
		{1A588B29-CE23-422A-B128-FE357B6F2012}.Release|Any CPU.Build.0 = Release|Any CPU
		{4D754E23-775B-4952-B712-DF3A6267EB30}.Debug|Any CPU.ActiveCfg = Debug|Any CPU
		{4D754E23-775B-4952-B712-DF3A6267EB30}.Debug|Any CPU.Build.0 = Debug|Any CPU
		{4D754E23-775B-4952-B712-DF3A6267EB30}.Release|Any CPU.ActiveCfg = Release|Any CPU
		{4D754E23-775B-4952-B712-DF3A6267EB30}.Release|Any CPU.Build.0 = Release|Any CPU
		{6739BE73-5FF3-4A8D-97D1-136D7AA5FF32}.Debug|Any CPU.ActiveCfg = Debug|Any CPU
		{6739BE73-5FF3-4A8D-97D1-136D7AA5FF32}.Debug|Any CPU.Build.0 = Debug|Any CPU
		{6739BE73-5FF3-4A8D-97D1-136D7AA5FF32}.Release|Any CPU.ActiveCfg = Release|Any CPU
		{6739BE73-5FF3-4A8D-97D1-136D7AA5FF32}.Release|Any CPU.Build.0 = Release|Any CPU
		{A2118B13-D654-49E2-A79C-65D459CBEE12}.Debug|Any CPU.ActiveCfg = Debug|Any CPU
		{A2118B13-D654-49E2-A79C-65D459CBEE12}.Debug|Any CPU.Build.0 = Debug|Any CPU
		{A2118B13-D654-49E2-A79C-65D459CBEE12}.Release|Any CPU.ActiveCfg = Release|Any CPU
		{A2118B13-D654-49E2-A79C-65D459CBEE12}.Release|Any CPU.Build.0 = Release|Any CPU
		{68C68D80-684A-4F6F-B22D-D1FA0340319F}.Debug|Any CPU.ActiveCfg = Debug|Any CPU
		{68C68D80-684A-4F6F-B22D-D1FA0340319F}.Debug|Any CPU.Build.0 = Debug|Any CPU
		{68C68D80-684A-4F6F-B22D-D1FA0340319F}.Release|Any CPU.ActiveCfg = Release|Any CPU
		{68C68D80-684A-4F6F-B22D-D1FA0340319F}.Release|Any CPU.Build.0 = Release|Any CPU
		{D817E68E-E730-4C80-97CC-6F5278F06167}.Debug|Any CPU.ActiveCfg = Debug|Any CPU
		{D817E68E-E730-4C80-97CC-6F5278F06167}.Debug|Any CPU.Build.0 = Debug|Any CPU
		{D817E68E-E730-4C80-97CC-6F5278F06167}.Release|Any CPU.ActiveCfg = Release|Any CPU
		{D817E68E-E730-4C80-97CC-6F5278F06167}.Release|Any CPU.Build.0 = Release|Any CPU
		{740D2452-34F7-40DF-9C73-B6B8ED57A1BE}.Debug|Any CPU.ActiveCfg = Debug|Any CPU
		{740D2452-34F7-40DF-9C73-B6B8ED57A1BE}.Debug|Any CPU.Build.0 = Debug|Any CPU
		{740D2452-34F7-40DF-9C73-B6B8ED57A1BE}.Release|Any CPU.ActiveCfg = Release|Any CPU
		{740D2452-34F7-40DF-9C73-B6B8ED57A1BE}.Release|Any CPU.Build.0 = Release|Any CPU
		{23632EC6-6E75-4505-A6F0-4D653B77AD65}.Debug|Any CPU.ActiveCfg = Debug|Any CPU
		{23632EC6-6E75-4505-A6F0-4D653B77AD65}.Debug|Any CPU.Build.0 = Debug|Any CPU
		{23632EC6-6E75-4505-A6F0-4D653B77AD65}.Release|Any CPU.ActiveCfg = Release|Any CPU
		{23632EC6-6E75-4505-A6F0-4D653B77AD65}.Release|Any CPU.Build.0 = Release|Any CPU
		{AD75537F-D783-409D-8822-1EC2FA30B41E}.Debug|Any CPU.ActiveCfg = Debug|Any CPU
		{AD75537F-D783-409D-8822-1EC2FA30B41E}.Debug|Any CPU.Build.0 = Debug|Any CPU
		{AD75537F-D783-409D-8822-1EC2FA30B41E}.Release|Any CPU.ActiveCfg = Release|Any CPU
		{AD75537F-D783-409D-8822-1EC2FA30B41E}.Release|Any CPU.Build.0 = Release|Any CPU
		{15A101C6-18F9-468F-AB5D-2860E6A7B992}.Debug|Any CPU.ActiveCfg = Debug|Any CPU
		{15A101C6-18F9-468F-AB5D-2860E6A7B992}.Debug|Any CPU.Build.0 = Debug|Any CPU
		{15A101C6-18F9-468F-AB5D-2860E6A7B992}.Release|Any CPU.ActiveCfg = Release|Any CPU
		{15A101C6-18F9-468F-AB5D-2860E6A7B992}.Release|Any CPU.Build.0 = Release|Any CPU
		{90C5E498-2A77-4A2F-99AC-29E9453A62E0}.Debug|Any CPU.ActiveCfg = Debug|Any CPU
		{90C5E498-2A77-4A2F-99AC-29E9453A62E0}.Debug|Any CPU.Build.0 = Debug|Any CPU
		{90C5E498-2A77-4A2F-99AC-29E9453A62E0}.Release|Any CPU.ActiveCfg = Release|Any CPU
		{90C5E498-2A77-4A2F-99AC-29E9453A62E0}.Release|Any CPU.Build.0 = Release|Any CPU
	EndGlobalSection
	GlobalSection(SolutionProperties) = preSolution
		HideSolutionNode = FALSE
	EndGlobalSection
	GlobalSection(NestedProjects) = preSolution
		{D9CA484C-BD96-4ECE-97AB-D073BA88B957} = {0FA446DF-6E7B-4A9F-AD98-147BCAC22DE5}
		{600B4187-835C-48D3-89F4-8238683B1DCA} = {0FA446DF-6E7B-4A9F-AD98-147BCAC22DE5}
		{0D57B5EF-D2E5-4F96-B4CE-60A8CF1E9370} = {600B4187-835C-48D3-89F4-8238683B1DCA}
		{361C9E5C-A2B9-4CEB-9422-45F0820DAB88} = {0D57B5EF-D2E5-4F96-B4CE-60A8CF1E9370}
		{BB097D37-330F-42A1-A497-CD9C302D7BD1} = {0D57B5EF-D2E5-4F96-B4CE-60A8CF1E9370}
		{2B078563-8F4F-4870-959B-82ADF66A0D2F} = {600B4187-835C-48D3-89F4-8238683B1DCA}
		{9B620581-665B-4D8E-B626-2778128BED70} = {600B4187-835C-48D3-89F4-8238683B1DCA}
		{B1F71E02-D2CC-4691-8EC8-0D05F7D75D5A} = {9B620581-665B-4D8E-B626-2778128BED70}
		{EF4794BE-3CD1-4A2A-9C10-07885B680D4B} = {9B620581-665B-4D8E-B626-2778128BED70}
		{834DA526-E238-4584-BF94-CF4BA8064B2B} = {600B4187-835C-48D3-89F4-8238683B1DCA}
		{AB7733FA-81C2-495B-A85A-2B6D9C0628DF} = {600B4187-835C-48D3-89F4-8238683B1DCA}
		{2F28CC27-E5DF-49E3-92C0-E90CC2FD45DC} = {AB7733FA-81C2-495B-A85A-2B6D9C0628DF}
		{BB09F489-133D-441D-B333-73C496863C6C} = {AB7733FA-81C2-495B-A85A-2B6D9C0628DF}
		{D0438607-EA0B-4F7D-85CA-E0B1C069C49B} = {600B4187-835C-48D3-89F4-8238683B1DCA}
		{AD9BE961-F7EF-48C1-B365-3B3C268EBFD9} = {0FA446DF-6E7B-4A9F-AD98-147BCAC22DE5}
		{131D74A4-3F3E-4C2C-949B-FE0DC5083690} = {AD9BE961-F7EF-48C1-B365-3B3C268EBFD9}
		{C3C3FBDD-4770-4EC1-98EF-C9019070B25F} = {AD9BE961-F7EF-48C1-B365-3B3C268EBFD9}
		{A765DD52-C913-4BD9-BBD2-9C3FD90D1A7F} = {AD9BE961-F7EF-48C1-B365-3B3C268EBFD9}
		{4AAC5F21-EC9C-4AE2-97C3-5091017A68CB} = {AD9BE961-F7EF-48C1-B365-3B3C268EBFD9}
		{B3F198C2-806C-4F15-A281-83D502ACAD74} = {AD9BE961-F7EF-48C1-B365-3B3C268EBFD9}
		{BF9C5130-8429-4608-8785-F3891803ED39} = {AD9BE961-F7EF-48C1-B365-3B3C268EBFD9}
		{5011B6BF-1917-43BC-B77E-8686CFC2CEF4} = {AD9BE961-F7EF-48C1-B365-3B3C268EBFD9}
		{3C20B5FA-B3A7-45EE-AFDC-D2C4ADC7E466} = {AD9BE961-F7EF-48C1-B365-3B3C268EBFD9}
		{770BC758-1DBE-4E5E-B172-E9712D700AEB} = {AD9BE961-F7EF-48C1-B365-3B3C268EBFD9}
		{D5B1CAF4-EFA8-402A-9209-023AAFB80FB4} = {AD9BE961-F7EF-48C1-B365-3B3C268EBFD9}
		{2986AFC1-4687-4B6D-940A-C680FE7F73D9} = {AD9BE961-F7EF-48C1-B365-3B3C268EBFD9}
		{01CB6DEA-6F02-4DCA-A5F8-8886D53AF5B6} = {AD9BE961-F7EF-48C1-B365-3B3C268EBFD9}
		{8C5DC8BA-6219-4484-9480-6ABA803CED9B} = {01CB6DEA-6F02-4DCA-A5F8-8886D53AF5B6}
		{3DE4C22C-BC7E-437C-9FB9-8892403B97DC} = {01CB6DEA-6F02-4DCA-A5F8-8886D53AF5B6}
		{D8594C46-F434-48F1-AE14-95A44DB88784} = {01CB6DEA-6F02-4DCA-A5F8-8886D53AF5B6}
		{9123BAA7-FCE5-4B6A-A5F8-725355DD32A6} = {AD9BE961-F7EF-48C1-B365-3B3C268EBFD9}
		{91FA761E-E9DD-4BFD-9C84-FE30E448FEF4} = {0FA446DF-6E7B-4A9F-AD98-147BCAC22DE5}
		{077792A1-D272-4ADE-A1EE-AEC0AA3ADF95} = {91FA761E-E9DD-4BFD-9C84-FE30E448FEF4}
		{A5F87CD9-7F69-4A80-91F2-AB04359A352D} = {91FA761E-E9DD-4BFD-9C84-FE30E448FEF4}
		{3A3F7645-CBD4-4D53-AAA1-082875CA2146} = {91FA761E-E9DD-4BFD-9C84-FE30E448FEF4}
		{FD8FD62E-8A90-4878-ACBC-BB5D9AD7B531} = {91FA761E-E9DD-4BFD-9C84-FE30E448FEF4}
		{0DF7A780-C1EF-4499-902B-DC695BDDC24A} = {91FA761E-E9DD-4BFD-9C84-FE30E448FEF4}
		{4DD499D9-916F-4A8F-9F07-FC55DD76E3B3} = {91FA761E-E9DD-4BFD-9C84-FE30E448FEF4}
		{C874CEB2-E486-441D-B1C1-EB3DCB4F599F} = {91FA761E-E9DD-4BFD-9C84-FE30E448FEF4}
		{344BC53F-A2FF-45A4-A53B-BC1034A405AF} = {0FA446DF-6E7B-4A9F-AD98-147BCAC22DE5}
		{7D38C650-5AF5-4F50-ACB5-E9942758C9FC} = {344BC53F-A2FF-45A4-A53B-BC1034A405AF}
		{8E7D294C-BB88-49B8-BCA8-4C64DB590CF2} = {344BC53F-A2FF-45A4-A53B-BC1034A405AF}
		{7FCB91F5-B4C1-4A82-AFDD-14FFDE507F3C} = {8E7D294C-BB88-49B8-BCA8-4C64DB590CF2}
		{1ED9919A-DDBD-42F0-AD4C-D13772FFB0D0} = {8E7D294C-BB88-49B8-BCA8-4C64DB590CF2}
		{329535E3-8F81-4F2D-BABE-4C9277DD57C5} = {8E7D294C-BB88-49B8-BCA8-4C64DB590CF2}
		{1A588B29-CE23-422A-B128-FE357B6F2012} = {344BC53F-A2FF-45A4-A53B-BC1034A405AF}
		{4D754E23-775B-4952-B712-DF3A6267EB30} = {344BC53F-A2FF-45A4-A53B-BC1034A405AF}
		{7AC68D5B-12AF-4544-9F2F-6FBF46B796EB} = {344BC53F-A2FF-45A4-A53B-BC1034A405AF}
		{6739BE73-5FF3-4A8D-97D1-136D7AA5FF32} = {7AC68D5B-12AF-4544-9F2F-6FBF46B796EB}
		{A2118B13-D654-49E2-A79C-65D459CBEE12} = {7AC68D5B-12AF-4544-9F2F-6FBF46B796EB}
		{68C68D80-684A-4F6F-B22D-D1FA0340319F} = {7AC68D5B-12AF-4544-9F2F-6FBF46B796EB}
		{D817E68E-E730-4C80-97CC-6F5278F06167} = {7AC68D5B-12AF-4544-9F2F-6FBF46B796EB}
		{7EBD5A2D-9F25-444D-AEA9-63B812154B8D} = {344BC53F-A2FF-45A4-A53B-BC1034A405AF}
		{740D2452-34F7-40DF-9C73-B6B8ED57A1BE} = {7EBD5A2D-9F25-444D-AEA9-63B812154B8D}
		{23632EC6-6E75-4505-A6F0-4D653B77AD65} = {7EBD5A2D-9F25-444D-AEA9-63B812154B8D}
		{AD75537F-D783-409D-8822-1EC2FA30B41E} = {7EBD5A2D-9F25-444D-AEA9-63B812154B8D}
		{15A101C6-18F9-468F-AB5D-2860E6A7B992} = {7EBD5A2D-9F25-444D-AEA9-63B812154B8D}
		{90C5E498-2A77-4A2F-99AC-29E9453A62E0} = {7EBD5A2D-9F25-444D-AEA9-63B812154B8D}
	EndGlobalSection
	GlobalSection(ExtensibilityGlobals) = postSolution
		SolutionGuid = {48DBD92D-0F32-4815-9097-CA9C53A79734}
	EndGlobalSection
EndGlobal
